
Microsoft Visual Studio Solution File, Format Version 12.00
Project("{FAE04EC0-301F-11D3-BF4B-00C04F79EFBC}") = "AppNetcoreK8s", "AppNetcoreK8s\AppNetcoreK8s.csproj", "{4D9C308E-BDEF-4CA3-8AD8-B59FFCA0E49B}"
EndProject
Global
	GlobalSection(SolutionConfigurationPlatforms) = preSolution
		Debug|Any CPU = Debug|Any CPU
		Release|Any CPU = Release|Any CPU
	EndGlobalSection
	GlobalSection(ProjectConfigurationPlatforms) = postSolution
		{4D9C308E-BDEF-4CA3-8AD8-B59FFCA0E49B}.Debug|Any CPU.ActiveCfg = Debug|Any CPU
		{4D9C308E-BDEF-4CA3-8AD8-B59FFCA0E49B}.Debug|Any CPU.Build.0 = Debug|Any CPU
		{4D9C308E-BDEF-4CA3-8AD8-B59FFCA0E49B}.Release|Any CPU.ActiveCfg = Release|Any CPU
		{4D9C308E-BDEF-4CA3-8AD8-B59FFCA0E49B}.Release|Any CPU.Build.0 = Release|Any CPU
	EndGlobalSection
EndGlobal
